// !$*UTF8*$!
{
	archiveVersion = 1;
	classes = {
	};
	objectVersion = 77;
	objects = {

/* Begin PBXContainerItemProxy section */
		2B2C6EBF2C7ACF48009B71E0 /* PBXContainerItemProxy */ = {
			isa = PBXContainerItemProxy;
			containerPortal = 2B2C6EA62C7ACF47009B71E0 /* Project object */;
			proxyType = 1;
			remoteGlobalIDString = 2B2C6EAD2C7ACF47009B71E0;
			remoteInfo = LOTRConverter17;
		};
		2B2C6EC92C7ACF48009B71E0 /* PBXContainerItemProxy */ = {
			isa = PBXContainerItemProxy;
			containerPortal = 2B2C6EA62C7ACF47009B71E0 /* Project object */;
			proxyType = 1;
			remoteGlobalIDString = 2B2C6EAD2C7ACF47009B71E0;
			remoteInfo = LOTRConverter17;
		};
/* End PBXContainerItemProxy section */

/* Begin PBXFileReference section */
		2B2C6EAE2C7ACF47009B71E0 /* LOTRConverter17.app */ = {isa = PBXFileReference; explicitFileType = wrapper.application; includeInIndex = 0; path = LOTRConverter17.app; sourceTree = BUILT_PRODUCTS_DIR; };
		2B2C6EBE2C7ACF48009B71E0 /* LOTRConverter17Tests.xctest */ = {isa = PBXFileReference; explicitFileType = wrapper.cfbundle; includeInIndex = 0; path = LOTRConverter17Tests.xctest; sourceTree = BUILT_PRODUCTS_DIR; };
		2B2C6EC82C7ACF48009B71E0 /* LOTRConverter17UITests.xctest */ = {isa = PBXFileReference; explicitFileType = wrapper.cfbundle; includeInIndex = 0; path = LOTRConverter17UITests.xctest; sourceTree = BUILT_PRODUCTS_DIR; };
/* End PBXFileReference section */

/* Begin PBXFileSystemSynchronizedRootGroup section */
		2B2C6EB02C7ACF47009B71E0 /* LOTRConverter17 */ = {
			isa = PBXFileSystemSynchronizedRootGroup;
			path = LOTRConverter17;
			sourceTree = "<group>";
		};
		2B2C6EC12C7ACF48009B71E0 /* LOTRConverter17Tests */ = {
			isa = PBXFileSystemSynchronizedRootGroup;
			path = LOTRConverter17Tests;
			sourceTree = "<group>";
		};
		2B2C6ECB2C7ACF48009B71E0 /* LOTRConverter17UITests */ = {
			isa = PBXFileSystemSynchronizedRootGroup;
			path = LOTRConverter17UITests;
			sourceTree = "<group>";
		};
/* End PBXFileSystemSynchronizedRootGroup section */

/* Begin PBXFrameworksBuildPhase section */
		2B2C6EAB2C7ACF47009B71E0 /* Frameworks */ = {
			isa = PBXFrameworksBuildPhase;
			buildActionMask = 2147483647;
			files = (
			);
			runOnlyForDeploymentPostprocessing = 0;
		};
		2B2C6EBB2C7ACF48009B71E0 /* Frameworks */ = {
			isa = PBXFrameworksBuildPhase;
			buildActionMask = 2147483647;
			files = (
			);
			runOnlyForDeploymentPostprocessing = 0;
		};
		2B2C6EC52C7ACF48009B71E0 /* Frameworks */ = {
			isa = PBXFrameworksBuildPhase;
			buildActionMask = 2147483647;
			files = (
			);
			runOnlyForDeploymentPostprocessing = 0;
		};
/* End PBXFrameworksBuildPhase section */

/* Begin PBXGroup section */
		2B2C6EA52C7ACF47009B71E0 = {
			isa = PBXGroup;
			children = (
				2B2C6EB02C7ACF47009B71E0 /* LOTRConverter17 */,
				2B2C6EC12C7ACF48009B71E0 /* LOTRConverter17Tests */,
				2B2C6ECB2C7ACF48009B71E0 /* LOTRConverter17UITests */,
				2B2C6EAF2C7ACF47009B71E0 /* Products */,
			);
			sourceTree = "<group>";
		};
		2B2C6EAF2C7ACF47009B71E0 /* Products */ = {
			isa = PBXGroup;
			children = (
				2B2C6EAE2C7ACF47009B71E0 /* LOTRConverter17.app */,
				2B2C6EBE2C7ACF48009B71E0 /* LOTRConverter17Tests.xctest */,
				2B2C6EC82C7ACF48009B71E0 /* LOTRConverter17UITests.xctest */,
			);
			name = Products;
			sourceTree = "<group>";
		};
/* End PBXGroup section */

/* Begin PBXNativeTarget section */
		2B2C6EAD2C7ACF47009B71E0 /* LOTRConverter17 */ = {
			isa = PBXNativeTarget;
			buildConfigurationList = 2B2C6ED22C7ACF48009B71E0 /* Build configuration list for PBXNativeTarget "LOTRConverter17" */;
			buildPhases = (
				2B2C6EAA2C7ACF47009B71E0 /* Sources */,
				2B2C6EAB2C7ACF47009B71E0 /* Frameworks */,
				2B2C6EAC2C7ACF47009B71E0 /* Resources */,
			);
			buildRules = (
			);
			dependencies = (
			);
			fileSystemSynchronizedGroups = (
				2B2C6EB02C7ACF47009B71E0 /* LOTRConverter17 */,
			);
			name = LOTRConverter17;
			packageProductDependencies = (
			);
			productName = LOTRConverter17;
			productReference = 2B2C6EAE2C7ACF47009B71E0 /* LOTRConverter17.app */;
			productType = "com.apple.product-type.application";
		};
		2B2C6EBD2C7ACF48009B71E0 /* LOTRConverter17Tests */ = {
			isa = PBXNativeTarget;
			buildConfigurationList = 2B2C6ED52C7ACF48009B71E0 /* Build configuration list for PBXNativeTarget "LOTRConverter17Tests" */;
			buildPhases = (
				2B2C6EBA2C7ACF48009B71E0 /* Sources */,
				2B2C6EBB2C7ACF48009B71E0 /* Frameworks */,
				2B2C6EBC2C7ACF48009B71E0 /* Resources */,
			);
			buildRules = (
			);
			dependencies = (
				2B2C6EC02C7ACF48009B71E0 /* PBXTargetDependency */,
			);
			fileSystemSynchronizedGroups = (
				2B2C6EC12C7ACF48009B71E0 /* LOTRConverter17Tests */,
			);
			name = LOTRConverter17Tests;
			packageProductDependencies = (
			);
			productName = LOTRConverter17Tests;
			productReference = 2B2C6EBE2C7ACF48009B71E0 /* LOTRConverter17Tests.xctest */;
			productType = "com.apple.product-type.bundle.unit-test";
		};
		2B2C6EC72C7ACF48009B71E0 /* LOTRConverter17UITests */ = {
			isa = PBXNativeTarget;
			buildConfigurationList = 2B2C6ED82C7ACF48009B71E0 /* Build configuration list for PBXNativeTarget "LOTRConverter17UITests" */;
			buildPhases = (
				2B2C6EC42C7ACF48009B71E0 /* Sources */,
				2B2C6EC52C7ACF48009B71E0 /* Frameworks */,
				2B2C6EC62C7ACF48009B71E0 /* Resources */,
			);
			buildRules = (
			);
			dependencies = (
				2B2C6ECA2C7ACF48009B71E0 /* PBXTargetDependency */,
			);
			fileSystemSynchronizedGroups = (
				2B2C6ECB2C7ACF48009B71E0 /* LOTRConverter17UITests */,
			);
			name = LOTRConverter17UITests;
			packageProductDependencies = (
			);
			productName = LOTRConverter17UITests;
			productReference = 2B2C6EC82C7ACF48009B71E0 /* LOTRConverter17UITests.xctest */;
			productType = "com.apple.product-type.bundle.ui-testing";
		};
/* End PBXNativeTarget section */

/* Begin PBXProject section */
		2B2C6EA62C7ACF47009B71E0 /* Project object */ = {
			isa = PBXProject;
			attributes = {
				BuildIndependentTargetsInParallel = 1;
				LastSwiftUpdateCheck = 1610;
				LastUpgradeCheck = 1610;
				TargetAttributes = {
					2B2C6EAD2C7ACF47009B71E0 = {
						CreatedOnToolsVersion = 16.1;
					};
					2B2C6EBD2C7ACF48009B71E0 = {
						CreatedOnToolsVersion = 16.1;
						TestTargetID = 2B2C6EAD2C7ACF47009B71E0;
					};
					2B2C6EC72C7ACF48009B71E0 = {
						CreatedOnToolsVersion = 16.1;
						TestTargetID = 2B2C6EAD2C7ACF47009B71E0;
					};
				};
			};
			buildConfigurationList = 2B2C6EA92C7ACF47009B71E0 /* Build configuration list for PBXProject "LOTRConverter17" */;
			developmentRegion = en;
			hasScannedForEncodings = 0;
			knownRegions = (
				en,
				Base,
			);
			mainGroup = 2B2C6EA52C7ACF47009B71E0;
			minimizedProjectReferenceProxies = 1;
			preferredProjectObjectVersion = 77;
			productRefGroup = 2B2C6EAF2C7ACF47009B71E0 /* Products */;
			projectDirPath = "";
			projectRoot = "";
			targets = (
				2B2C6EAD2C7ACF47009B71E0 /* LOTRConverter17 */,
				2B2C6EBD2C7ACF48009B71E0 /* LOTRConverter17Tests */,
				2B2C6EC72C7ACF48009B71E0 /* LOTRConverter17UITests */,
			);
		};
/* End PBXProject section */

/* Begin PBXResourcesBuildPhase section */
		2B2C6EAC2C7ACF47009B71E0 /* Resources */ = {
			isa = PBXResourcesBuildPhase;
			buildActionMask = 2147483647;
			files = (
			);
			runOnlyForDeploymentPostprocessing = 0;
		};
		2B2C6EBC2C7ACF48009B71E0 /* Resources */ = {
			isa = PBXResourcesBuildPhase;
			buildActionMask = 2147483647;
			files = (
			);
			runOnlyForDeploymentPostprocessing = 0;
		};
		2B2C6EC62C7ACF48009B71E0 /* Resources */ = {
			isa = PBXResourcesBuildPhase;
			buildActionMask = 2147483647;
			files = (
			);
			runOnlyForDeploymentPostprocessing = 0;
		};
/* End PBXResourcesBuildPhase section */

/* Begin PBXSourcesBuildPhase section */
		2B2C6EAA2C7ACF47009B71E0 /* Sources */ = {
			isa = PBXSourcesBuildPhase;
			buildActionMask = 2147483647;
			files = (
			);
			runOnlyForDeploymentPostprocessing = 0;
		};
		2B2C6EBA2C7ACF48009B71E0 /* Sources */ = {
			isa = PBXSourcesBuildPhase;
			buildActionMask = 2147483647;
			files = (
			);
			runOnlyForDeploymentPostprocessing = 0;
		};
		2B2C6EC42C7ACF48009B71E0 /* Sources */ = {
			isa = PBXSourcesBuildPhase;
			buildActionMask = 2147483647;
			files = (
			);
			runOnlyForDeploymentPostprocessing = 0;
		};
/* End PBXSourcesBuildPhase section */

/* Begin PBXTargetDependency section */
		2B2C6EC02C7ACF48009B71E0 /* PBXTargetDependency */ = {
			isa = PBXTargetDependency;
			target = 2B2C6EAD2C7ACF47009B71E0 /* LOTRConverter17 */;
			targetProxy = 2B2C6EBF2C7ACF48009B71E0 /* PBXContainerItemProxy */;
		};
		2B2C6ECA2C7ACF48009B71E0 /* PBXTargetDependency */ = {
			isa = PBXTargetDependency;
			target = 2B2C6EAD2C7ACF47009B71E0 /* LOTRConverter17 */;
			targetProxy = 2B2C6EC92C7ACF48009B71E0 /* PBXContainerItemProxy */;
		};
/* End PBXTargetDependency section */

/* Begin XCBuildConfiguration section */
		2B2C6ED02C7ACF48009B71E0 /* Debug */ = {
			isa = XCBuildConfiguration;
			buildSettings = {
				ALWAYS_SEARCH_USER_PATHS = NO;
				ASSETCATALOG_COMPILER_GENERATE_SWIFT_ASSET_SYMBOL_EXTENSIONS = YES;
				CLANG_ANALYZER_NONNULL = YES;
				CLANG_ANALYZER_NUMBER_OBJECT_CONVERSION = YES_AGGRESSIVE;
				CLANG_CXX_LANGUAGE_STANDARD = "gnu++20";
				CLANG_ENABLE_MODULES = YES;
				CLANG_ENABLE_OBJC_ARC = YES;
				CLANG_ENABLE_OBJC_WEAK = YES;
				CLANG_WARN_BLOCK_CAPTURE_AUTORELEASING = YES;
				CLANG_WARN_BOOL_CONVERSION = YES;
				CLANG_WARN_COMMA = YES;
				CLANG_WARN_CONSTANT_CONVERSION = YES;
				CLANG_WARN_DEPRECATED_OBJC_IMPLEMENTATIONS = YES;
				CLANG_WARN_DIRECT_OBJC_ISA_USAGE = YES_ERROR;
				CLANG_WARN_DOCUMENTATION_COMMENTS = YES;
				CLANG_WARN_EMPTY_BODY = YES;
				CLANG_WARN_ENUM_CONVERSION = YES;
				CLANG_WARN_INFINITE_RECURSION = YES;
				CLANG_WARN_INT_CONVERSION = YES;
				CLANG_WARN_NON_LITERAL_NULL_CONVERSION = YES;
				CLANG_WARN_OBJC_IMPLICIT_RETAIN_SELF = YES;
				CLANG_WARN_OBJC_LITERAL_CONVERSION = YES;
				CLANG_WARN_OBJC_ROOT_CLASS = YES_ERROR;
				CLANG_WARN_QUOTED_INCLUDE_IN_FRAMEWORK_HEADER = YES;
				CLANG_WARN_RANGE_LOOP_ANALYSIS = YES;
				CLANG_WARN_STRICT_PROTOTYPES = YES;
				CLANG_WARN_SUSPICIOUS_MOVE = YES;
				CLANG_WARN_UNGUARDED_AVAILABILITY = YES_AGGRESSIVE;
				CLANG_WARN_UNREACHABLE_CODE = YES;
				CLANG_WARN__DUPLICATE_METHOD_MATCH = YES;
				COPY_PHASE_STRIP = NO;
				DEBUG_INFORMATION_FORMAT = dwarf;
				ENABLE_STRICT_OBJC_MSGSEND = YES;
				ENABLE_TESTABILITY = YES;
				ENABLE_USER_SCRIPT_SANDBOXING = YES;
				GCC_C_LANGUAGE_STANDARD = gnu17;
				GCC_DYNAMIC_NO_PIC = NO;
				GCC_NO_COMMON_BLOCKS = YES;
				GCC_OPTIMIZATION_LEVEL = 0;
				GCC_PREPROCESSOR_DEFINITIONS = (
					"DEBUG=1",
					"$(inherited)",
				);
				GCC_WARN_64_TO_32_BIT_CONVERSION = YES;
				GCC_WARN_ABOUT_RETURN_TYPE = YES_ERROR;
				GCC_WARN_UNDECLARED_SELECTOR = YES;
				GCC_WARN_UNINITIALIZED_AUTOS = YES_AGGRESSIVE;
				GCC_WARN_UNUSED_FUNCTION = YES;
				GCC_WARN_UNUSED_VARIABLE = YES;
				IPHONEOS_DEPLOYMENT_TARGET = 18.1;
				LOCALIZATION_PREFERS_STRING_CATALOGS = YES;
				MTL_ENABLE_DEBUG_INFO = INCLUDE_SOURCE;
				MTL_FAST_MATH = YES;
				ONLY_ACTIVE_ARCH = YES;
				SDKROOT = iphoneos;
				SWIFT_ACTIVE_COMPILATION_CONDITIONS = "DEBUG $(inherited)";
				SWIFT_OPTIMIZATION_LEVEL = "-Onone";
			};
			name = Debug;
		};
		2B2C6ED12C7ACF48009B71E0 /* Release */ = {
			isa = XCBuildConfiguration;
			buildSettings = {
				ALWAYS_SEARCH_USER_PATHS = NO;
				ASSETCATALOG_COMPILER_GENERATE_SWIFT_ASSET_SYMBOL_EXTENSIONS = YES;
				CLANG_ANALYZER_NONNULL = YES;
				CLANG_ANALYZER_NUMBER_OBJECT_CONVERSION = YES_AGGRESSIVE;
				CLANG_CXX_LANGUAGE_STANDARD = "gnu++20";
				CLANG_ENABLE_MODULES = YES;
				CLANG_ENABLE_OBJC_ARC = YES;
				CLANG_ENABLE_OBJC_WEAK = YES;
				CLANG_WARN_BLOCK_CAPTURE_AUTORELEASING = YES;
				CLANG_WARN_BOOL_CONVERSION = YES;
				CLANG_WARN_COMMA = YES;
				CLANG_WARN_CONSTANT_CONVERSION = YES;
				CLANG_WARN_DEPRECATED_OBJC_IMPLEMENTATIONS = YES;
				CLANG_WARN_DIRECT_OBJC_ISA_USAGE = YES_ERROR;
				CLANG_WARN_DOCUMENTATION_COMMENTS = YES;
				CLANG_WARN_EMPTY_BODY = YES;
				CLANG_WARN_ENUM_CONVERSION = YES;
				CLANG_WARN_INFINITE_RECURSION = YES;
				CLANG_WARN_INT_CONVERSION = YES;
				CLANG_WARN_NON_LITERAL_NULL_CONVERSION = YES;
				CLANG_WARN_OBJC_IMPLICIT_RETAIN_SELF = YES;
				CLANG_WARN_OBJC_LITERAL_CONVERSION = YES;
				CLANG_WARN_OBJC_ROOT_CLASS = YES_ERROR;
				CLANG_WARN_QUOTED_INCLUDE_IN_FRAMEWORK_HEADER = YES;
				CLANG_WARN_RANGE_LOOP_ANALYSIS = YES;
				CLANG_WARN_STRICT_PROTOTYPES = YES;
				CLANG_WARN_SUSPICIOUS_MOVE = YES;
				CLANG_WARN_UNGUARDED_AVAILABILITY = YES_AGGRESSIVE;
				CLANG_WARN_UNREACHABLE_CODE = YES;
				CLANG_WARN__DUPLICATE_METHOD_MATCH = YES;
				COPY_PHASE_STRIP = NO;
				DEBUG_INFORMATION_FORMAT = "dwarf-with-dsym";
				ENABLE_NS_ASSERTIONS = NO;
				ENABLE_STRICT_OBJC_MSGSEND = YES;
				ENABLE_USER_SCRIPT_SANDBOXING = YES;
				GCC_C_LANGUAGE_STANDARD = gnu17;
				GCC_NO_COMMON_BLOCKS = YES;
				GCC_WARN_64_TO_32_BIT_CONVERSION = YES;
				GCC_WARN_ABOUT_RETURN_TYPE = YES_ERROR;
				GCC_WARN_UNDECLARED_SELECTOR = YES;
				GCC_WARN_UNINITIALIZED_AUTOS = YES_AGGRESSIVE;
				GCC_WARN_UNUSED_FUNCTION = YES;
				GCC_WARN_UNUSED_VARIABLE = YES;
				IPHONEOS_DEPLOYMENT_TARGET = 18.1;
				LOCALIZATION_PREFERS_STRING_CATALOGS = YES;
				MTL_ENABLE_DEBUG_INFO = NO;
				MTL_FAST_MATH = YES;
				SDKROOT = iphoneos;
				SWIFT_COMPILATION_MODE = wholemodule;
				VALIDATE_PRODUCT = YES;
			};
			name = Release;
		};
		2B2C6ED32C7ACF48009B71E0 /* Debug */ = {
			isa = XCBuildConfiguration;
			buildSettings = {
				ASSETCATALOG_COMPILER_APPICON_NAME = AppIcon;
				ASSETCATALOG_COMPILER_GLOBAL_ACCENT_COLOR_NAME = AccentColor;
				CODE_SIGN_STYLE = Automatic;
				CURRENT_PROJECT_VERSION = 1;
				DEVELOPMENT_ASSET_PATHS = "\"LOTRConverter17/Preview Content\"";
				DEVELOPMENT_TEAM = R854VZ72DF;
				ENABLE_PREVIEWS = YES;
				GENERATE_INFOPLIST_FILE = YES;
				INFOPLIST_KEY_UIApplicationSceneManifest_Generation = YES;
				INFOPLIST_KEY_UIApplicationSupportsIndirectInputEvents = YES;
				INFOPLIST_KEY_UILaunchScreen_Generation = YES;
				INFOPLIST_KEY_UISupportedInterfaceOrientations_iPad = "UIInterfaceOrientationPortrait UIInterfaceOrientationPortraitUpsideDown UIInterfaceOrientationLandscapeLeft UIInterfaceOrientationLandscapeRight";
				INFOPLIST_KEY_UISupportedInterfaceOrientations_iPhone = "UIInterfaceOrientationPortrait UIInterfaceOrientationLandscapeLeft UIInterfaceOrientationLandscapeRight";
				LD_RUNPATH_SEARCH_PATHS = (
					"$(inherited)",
					"@executable_path/Frameworks",
				);
				MARKETING_VERSION = 1.0;
				PRODUCT_BUNDLE_IDENTIFIER = com.jeremyhalcomb.LOTRConverter17;
				PRODUCT_NAME = "$(TARGET_NAME)";
				SWIFT_EMIT_LOC_STRINGS = YES;
				SWIFT_VERSION = 5.0;
				TARGETED_DEVICE_FAMILY = "1,2";
			};
			name = Debug;
		};
		2B2C6ED42C7ACF48009B71E0 /* Release */ = {
			isa = XCBuildConfiguration;
			buildSettings = {
				ASSETCATALOG_COMPILER_APPICON_NAME = AppIcon;
				ASSETCATALOG_COMPILER_GLOBAL_ACCENT_COLOR_NAME = AccentColor;
				CODE_SIGN_STYLE = Automatic;
				CURRENT_PROJECT_VERSION = 1;
				DEVELOPMENT_ASSET_PATHS = "\"LOTRConverter17/Preview Content\"";
				DEVELOPMENT_TEAM = R854VZ72DF;
				ENABLE_PREVIEWS = YES;
				GENERATE_INFOPLIST_FILE = YES;
				INFOPLIST_KEY_UIApplicationSceneManifest_Generation = YES;
				INFOPLIST_KEY_UIApplicationSupportsIndirectInputEvents = YES;
				INFOPLIST_KEY_UILaunchScreen_Generation = YES;
				INFOPLIST_KEY_UISupportedInterfaceOrientations_iPad = "UIInterfaceOrientationPortrait UIInterfaceOrientationPortraitUpsideDown UIInterfaceOrientationLandscapeLeft UIInterfaceOrientationLandscapeRight";
				INFOPLIST_KEY_UISupportedInterfaceOrientations_iPhone = "UIInterfaceOrientationPortrait UIInterfaceOrientationLandscapeLeft UIInterfaceOrientationLandscapeRight";
				LD_RUNPATH_SEARCH_PATHS = (
					"$(inherited)",
					"@executable_path/Frameworks",
				);
				MARKETING_VERSION = 1.0;
				PRODUCT_BUNDLE_IDENTIFIER = com.jeremyhalcomb.LOTRConverter17;
				PRODUCT_NAME = "$(TARGET_NAME)";
				SWIFT_EMIT_LOC_STRINGS = YES;
				SWIFT_VERSION = 5.0;
				TARGETED_DEVICE_FAMILY = "1,2";
			};
			name = Release;
		};
		2B2C6ED62C7ACF48009B71E0 /* Debug */ = {
			isa = XCBuildConfiguration;
			buildSettings = {
				BUNDLE_LOADER = "$(TEST_HOST)";
				CODE_SIGN_STYLE = Automatic;
				CURRENT_PROJECT_VERSION = 1;
				DEVELOPMENT_TEAM = R854VZ72DF;
				GENERATE_INFOPLIST_FILE = YES;
				IPHONEOS_DEPLOYMENT_TARGET = 18.1;
				MARKETING_VERSION = 1.0;
				PRODUCT_BUNDLE_IDENTIFIER = com.jeremyhalcomb.LOTRConverter17Tests;
				PRODUCT_NAME = "$(TARGET_NAME)";
				SWIFT_EMIT_LOC_STRINGS = NO;
				SWIFT_VERSION = 5.0;
				TARGETED_DEVICE_FAMILY = "1,2";
				TEST_HOST = "$(BUILT_PRODUCTS_DIR)/LOTRConverter17.app/$(BUNDLE_EXECUTABLE_FOLDER_PATH)/LOTRConverter17";
			};
			name = Debug;
		};
		2B2C6ED72C7ACF48009B71E0 /* Release */ = {
			isa = XCBuildConfiguration;
			buildSettings = {
				BUNDLE_LOADER = "$(TEST_HOST)";
				CODE_SIGN_STYLE = Automatic;
				CURRENT_PROJECT_VERSION = 1;
				DEVELOPMENT_TEAM = R854VZ72DF;
				GENERATE_INFOPLIST_FILE = YES;
				IPHONEOS_DEPLOYMENT_TARGET = 18.1;
				MARKETING_VERSION = 1.0;
				PRODUCT_BUNDLE_IDENTIFIER = com.jeremyhalcomb.LOTRConverter17Tests;
				PRODUCT_NAME = "$(TARGET_NAME)";
				SWIFT_EMIT_LOC_STRINGS = NO;
				SWIFT_VERSION = 5.0;
				TARGETED_DEVICE_FAMILY = "1,2";
				TEST_HOST = "$(BUILT_PRODUCTS_DIR)/LOTRConverter17.app/$(BUNDLE_EXECUTABLE_FOLDER_PATH)/LOTRConverter17";
			};
			name = Release;
		};
		2B2C6ED92C7ACF48009B71E0 /* Debug */ = {
			isa = XCBuildConfiguration;
			buildSettings = {
				CODE_SIGN_STYLE = Automatic;
				CURRENT_PROJECT_VERSION = 1;
				DEVELOPMENT_TEAM = R854VZ72DF;
				GENERATE_INFOPLIST_FILE = YES;
				MARKETING_VERSION = 1.0;
				PRODUCT_BUNDLE_IDENTIFIER = com.jeremyhalcomb.LOTRConverter17UITests;
				PRODUCT_NAME = "$(TARGET_NAME)";
				SWIFT_EMIT_LOC_STRINGS = NO;
				SWIFT_VERSION = 5.0;
				TARGETED_DEVICE_FAMILY = "1,2";
				TEST_TARGET_NAME = LOTRConverter17;
			};
			name = Debug;
		};
		2B2C6EDA2C7ACF48009B71E0 /* Release */ = {
			isa = XCBuildConfiguration;
			buildSettings = {
				CODE_SIGN_STYLE = Automatic;
				CURRENT_PROJECT_VERSION = 1;
				DEVELOPMENT_TEAM = R854VZ72DF;
				GENERATE_INFOPLIST_FILE = YES;
				MARKETING_VERSION = 1.0;
				PRODUCT_BUNDLE_IDENTIFIER = com.jeremyhalcomb.LOTRConverter17UITests;
				PRODUCT_NAME = "$(TARGET_NAME)";
				SWIFT_EMIT_LOC_STRINGS = NO;
				SWIFT_VERSION = 5.0;
				TARGETED_DEVICE_FAMILY = "1,2";
				TEST_TARGET_NAME = LOTRConverter17;
			};
			name = Release;
		};
/* End XCBuildConfiguration section */

/* Begin XCConfigurationList section */
		2B2C6EA92C7ACF47009B71E0 /* Build configuration list for PBXProject "LOTRConverter17" */ = {
			isa = XCConfigurationList;
			buildConfigurations = (
				2B2C6ED02C7ACF48009B71E0 /* Debug */,
				2B2C6ED12C7ACF48009B71E0 /* Release */,
			);
			defaultConfigurationIsVisible = 0;
			defaultConfigurationName = Release;
		};
		2B2C6ED22C7ACF48009B71E0 /* Build configuration list for PBXNativeTarget "LOTRConverter17" */ = {
			isa = XCConfigurationList;
			buildConfigurations = (
				2B2C6ED32C7ACF48009B71E0 /* Debug */,
				2B2C6ED42C7ACF48009B71E0 /* Release */,
			);
			defaultConfigurationIsVisible = 0;
			defaultConfigurationName = Release;
		};
		2B2C6ED52C7ACF48009B71E0 /* Build configuration list for PBXNativeTarget "LOTRConverter17Tests" */ = {
			isa = XCConfigurationList;
			buildConfigurations = (
				2B2C6ED62C7ACF48009B71E0 /* Debug */,
				2B2C6ED72C7ACF48009B71E0 /* Release */,
			);
			defaultConfigurationIsVisible = 0;
			defaultConfigurationName = Release;
		};
		2B2C6ED82C7ACF48009B71E0 /* Build configuration list for PBXNativeTarget "LOTRConverter17UITests" */ = {
			isa = XCConfigurationList;
			buildConfigurations = (
				2B2C6ED92C7ACF48009B71E0 /* Debug */,
				2B2C6EDA2C7ACF48009B71E0 /* Release */,
			);
			defaultConfigurationIsVisible = 0;
			defaultConfigurationName = Release;
		};
/* End XCConfigurationList section */
	};
	rootObject = 2B2C6EA62C7ACF47009B71E0 /* Project object */;
}
